
Microsoft Visual Studio Solution File, Format Version 11.00
# Visual Studio 2010
Project("{8BC9CEB8-8B4A-11D0-8D11-00A0C91BC942}") = "part_01_basics", "part_01_basics\part_01_basics.vcxproj", "{09076201-478B-4963-99F8-30F00F1F4CAC}"
EndProject
Project("{8BC9CEB8-8B4A-11D0-8D11-00A0C91BC942}") = "part_01_models", "part_01_models\part_01_models.vcxproj", "{C3CE7267-99C7-46CF-99FB-42D3A0C30BEE}"
EndProject
Project("{8BC9CEB8-8B4A-11D0-8D11-00A0C91BC942}") = "part_01_debugging", "part_01_debugging\part_01_debugging.vcxproj", "{19A1A078-021F-4CDE-8C89-A6742A9D68CB}"
EndProject
Project("{8BC9CEB8-8B4A-11D0-8D11-00A0C91BC942}") = "part_02_params", "part_02_params\part_02_params.vcxproj", "{D789AC52-1484-4D1F-9ECA-7A8D63D1498C}"
EndProject
Project("{8BC9CEB8-8B4A-11D0-8D11-00A0C91BC942}") = "part_02_names", "part_02_names\part_02_names.vcxproj", "{616D8A8C-8379-4270-A6C5-491970D79A55}"
EndProject
Project("{8BC9CEB8-8B4A-11D0-8D11-00A0C91BC942}") = "part_02_instantiation", "part_02_instantiation\part_02_instantiation.vcxproj", "{07DD8DB9-C983-4B35-84C9-99CE4EAA9744}"
EndProject
Project("{8BC9CEB8-8B4A-11D0-8D11-00A0C91BC942}") = "part_03_properties", "part_03_properties\part_03_properties.vcxproj", "{47F96FF3-0C43-4595-922A-28473763A32F}"
EndProject
Project("{8BC9CEB8-8B4A-11D0-8D11-00A0C91BC942}") = "part_03_inherit", "part_03_inherit\part_03_inherit.vcxproj", "{45C5C63D-3164-429E-8501-2D4DD0A47042}"
EndProject
Project("{8BC9CEB8-8B4A-11D0-8D11-00A0C91BC942}") = "part_03_meta", "part_03_meta\part_03_meta.vcxproj", "{1592C2A4-4BEE-40A5-B7B7-E39494A94BD0}"
EndProject
Project("{8BC9CEB8-8B4A-11D0-8D11-00A0C91BC942}") = "part_03_expressions", "part_03_expressions\part_03_expressions.vcxproj", "{9FB73A42-B1DE-4886-B7C7-17800F5D1844}"
EndProject
Project("{8BC9CEB8-8B4A-11D0-8D11-00A0C91BC942}") = "part_03_types", "part_03_types\part_03_types.vcxproj", "{84573B91-E59D-4563-89E4-502F8D0987D7}"
EndProject
Project("{8BC9CEB8-8B4A-11D0-8D11-00A0C91BC942}") = "part_04_smartptr", "part_04_smartptr\part_04_smartptr.vcxproj", "{41BC0CC8-2032-4D23-9F59-11A863341E2A}"
EndProject
Project("{8BC9CEB8-8B4A-11D0-8D11-00A0C91BC942}") = "part_04_tuples", "part_04_tuples\part_04_tuples.vcxproj", "{32CBF34E-C681-421F-B77F-EF89C9FC853A}"
EndProject
Global
	GlobalSection(SolutionConfigurationPlatforms) = preSolution
		Debug|Win32 = Debug|Win32
		Release|Win32 = Release|Win32
	EndGlobalSection
	GlobalSection(ProjectConfigurationPlatforms) = postSolution
		{09076201-478B-4963-99F8-30F00F1F4CAC}.Debug|Win32.ActiveCfg = Debug|Win32
		{09076201-478B-4963-99F8-30F00F1F4CAC}.Debug|Win32.Build.0 = Debug|Win32
		{09076201-478B-4963-99F8-30F00F1F4CAC}.Release|Win32.ActiveCfg = Release|Win32
		{09076201-478B-4963-99F8-30F00F1F4CAC}.Release|Win32.Build.0 = Release|Win32
		{C3CE7267-99C7-46CF-99FB-42D3A0C30BEE}.Debug|Win32.ActiveCfg = Debug|Win32
		{C3CE7267-99C7-46CF-99FB-42D3A0C30BEE}.Debug|Win32.Build.0 = Debug|Win32
		{C3CE7267-99C7-46CF-99FB-42D3A0C30BEE}.Release|Win32.ActiveCfg = Release|Win32
		{C3CE7267-99C7-46CF-99FB-42D3A0C30BEE}.Release|Win32.Build.0 = Release|Win32
		{19A1A078-021F-4CDE-8C89-A6742A9D68CB}.Debug|Win32.ActiveCfg = Debug|Win32
		{19A1A078-021F-4CDE-8C89-A6742A9D68CB}.Debug|Win32.Build.0 = Debug|Win32
		{19A1A078-021F-4CDE-8C89-A6742A9D68CB}.Release|Win32.ActiveCfg = Release|Win32
		{19A1A078-021F-4CDE-8C89-A6742A9D68CB}.Release|Win32.Build.0 = Release|Win32
		{D789AC52-1484-4D1F-9ECA-7A8D63D1498C}.Debug|Win32.ActiveCfg = Debug|Win32
		{D789AC52-1484-4D1F-9ECA-7A8D63D1498C}.Debug|Win32.Build.0 = Debug|Win32
		{D789AC52-1484-4D1F-9ECA-7A8D63D1498C}.Release|Win32.ActiveCfg = Release|Win32
		{D789AC52-1484-4D1F-9ECA-7A8D63D1498C}.Release|Win32.Build.0 = Release|Win32
		{616D8A8C-8379-4270-A6C5-491970D79A55}.Debug|Win32.ActiveCfg = Debug|Win32
		{616D8A8C-8379-4270-A6C5-491970D79A55}.Debug|Win32.Build.0 = Debug|Win32
		{616D8A8C-8379-4270-A6C5-491970D79A55}.Release|Win32.ActiveCfg = Release|Win32
		{616D8A8C-8379-4270-A6C5-491970D79A55}.Release|Win32.Build.0 = Release|Win32
		{07DD8DB9-C983-4B35-84C9-99CE4EAA9744}.Debug|Win32.ActiveCfg = Debug|Win32
		{07DD8DB9-C983-4B35-84C9-99CE4EAA9744}.Debug|Win32.Build.0 = Debug|Win32
		{07DD8DB9-C983-4B35-84C9-99CE4EAA9744}.Release|Win32.ActiveCfg = Release|Win32
		{07DD8DB9-C983-4B35-84C9-99CE4EAA9744}.Release|Win32.Build.0 = Release|Win32
		{47F96FF3-0C43-4595-922A-28473763A32F}.Debug|Win32.ActiveCfg = Debug|Win32
		{47F96FF3-0C43-4595-922A-28473763A32F}.Debug|Win32.Build.0 = Debug|Win32
		{47F96FF3-0C43-4595-922A-28473763A32F}.Release|Win32.ActiveCfg = Release|Win32
		{47F96FF3-0C43-4595-922A-28473763A32F}.Release|Win32.Build.0 = Release|Win32
		{45C5C63D-3164-429E-8501-2D4DD0A47042}.Debug|Win32.ActiveCfg = Debug|Win32
		{45C5C63D-3164-429E-8501-2D4DD0A47042}.Debug|Win32.Build.0 = Debug|Win32
		{45C5C63D-3164-429E-8501-2D4DD0A47042}.Release|Win32.ActiveCfg = Release|Win32
		{45C5C63D-3164-429E-8501-2D4DD0A47042}.Release|Win32.Build.0 = Release|Win32
		{1592C2A4-4BEE-40A5-B7B7-E39494A94BD0}.Debug|Win32.ActiveCfg = Debug|Win32
		{1592C2A4-4BEE-40A5-B7B7-E39494A94BD0}.Debug|Win32.Build.0 = Debug|Win32
		{1592C2A4-4BEE-40A5-B7B7-E39494A94BD0}.Release|Win32.ActiveCfg = Release|Win32
		{1592C2A4-4BEE-40A5-B7B7-E39494A94BD0}.Release|Win32.Build.0 = Release|Win32
		{9FB73A42-B1DE-4886-B7C7-17800F5D1844}.Debug|Win32.ActiveCfg = Debug|Win32
		{9FB73A42-B1DE-4886-B7C7-17800F5D1844}.Debug|Win32.Build.0 = Debug|Win32
		{9FB73A42-B1DE-4886-B7C7-17800F5D1844}.Release|Win32.ActiveCfg = Release|Win32
		{9FB73A42-B1DE-4886-B7C7-17800F5D1844}.Release|Win32.Build.0 = Release|Win32
		{84573B91-E59D-4563-89E4-502F8D0987D7}.Debug|Win32.ActiveCfg = Debug|Win32
		{84573B91-E59D-4563-89E4-502F8D0987D7}.Debug|Win32.Build.0 = Debug|Win32
		{84573B91-E59D-4563-89E4-502F8D0987D7}.Release|Win32.ActiveCfg = Release|Win32
		{84573B91-E59D-4563-89E4-502F8D0987D7}.Release|Win32.Build.0 = Release|Win32
		{41BC0CC8-2032-4D23-9F59-11A863341E2A}.Debug|Win32.ActiveCfg = Debug|Win32
		{41BC0CC8-2032-4D23-9F59-11A863341E2A}.Debug|Win32.Build.0 = Debug|Win32
		{41BC0CC8-2032-4D23-9F59-11A863341E2A}.Release|Win32.ActiveCfg = Release|Win32
		{41BC0CC8-2032-4D23-9F59-11A863341E2A}.Release|Win32.Build.0 = Release|Win32
		{32CBF34E-C681-421F-B77F-EF89C9FC853A}.Debug|Win32.ActiveCfg = Debug|Win32
		{32CBF34E-C681-421F-B77F-EF89C9FC853A}.Debug|Win32.Build.0 = Debug|Win32
		{32CBF34E-C681-421F-B77F-EF89C9FC853A}.Release|Win32.ActiveCfg = Release|Win32
		{32CBF34E-C681-421F-B77F-EF89C9FC853A}.Release|Win32.Build.0 = Release|Win32
	EndGlobalSection
	GlobalSection(SolutionProperties) = preSolution
		HideSolutionNode = FALSE
	EndGlobalSection
EndGlobal
